
Microsoft Visual Studio Solution File, Format Version 12.00
# Visual Studio Version 17
VisualStudioVersion = 17.3.32901.215
MinimumVisualStudioVersion = 10.0.40219.1
Project("{FAE04EC0-301F-11D3-BF4B-00C04F79EFBC}") = "TwitterConsole", "TwitterConsole.csproj", "{99D42E8F-828E-48ED-B48A-208D459C9AAA}"
EndProject
Global
	GlobalSection(SolutionConfigurationPlatforms) = preSolution
		Debug|Any CPU = Debug|Any CPU
		Release|Any CPU = Release|Any CPU
	EndGlobalSection
	GlobalSection(ProjectConfigurationPlatforms) = postSolution
		{99D42E8F-828E-48ED-B48A-208D459C9AAA}.Debug|Any CPU.ActiveCfg = Debug|Any CPU
		{99D42E8F-828E-48ED-B48A-208D459C9AAA}.Debug|Any CPU.Build.0 = Debug|Any CPU
		{99D42E8F-828E-48ED-B48A-208D459C9AAA}.Release|Any CPU.ActiveCfg = Release|Any CPU
		{99D42E8F-828E-48ED-B48A-208D459C9AAA}.Release|Any CPU.Build.0 = Release|Any CPU
	EndGlobalSection
	GlobalSection(SolutionProperties) = preSolution
		HideSolutionNode = FALSE
	EndGlobalSection
	GlobalSection(ExtensibilityGlobals) = postSolution
		SolutionGuid = {2C3AF310-0DCD-4B41-B778-58A8EFA1D252}
	EndGlobalSection
EndGlobal
